{
  "name": "project-auth-parent",
  "version": "1.0.0",
  "lockfileVersion": 2,
  "requires": true,
  "packages": {
    "": {
      "name": "project-auth-parent",
      "version": "1.0.0",
      "hasInstallScript": true,
      "dependencies": {
        "lottie-web": "^5.7.11",
        "react-svg-worldmap": "^1.1.0"
      }
    },
    "node_modules/@types/d3-geo": {
      "version": "1.12.1",
      "resolved": "https://registry.npmjs.org/@types/d3-geo/-/d3-geo-1.12.1.tgz",
      "integrity": "sha512-8+gyGFyMCXIHtnMNKQDT++tZ4XYFXgiP5NK7mcv34aYXA16GQFiBBITjKzxghpO8QNVceOd9rUn1JY92WLNGQw==",
      "dependencies": {
        "@types/geojson": "*"
      }
    },
    "node_modules/@types/geojson": {
      "version": "7946.0.7",
      "resolved": "https://registry.npmjs.org/@types/geojson/-/geojson-7946.0.7.tgz",
      "integrity": "sha512-wE2v81i4C4Ol09RtsWFAqg3BUitWbHSpSlIo+bNdsCJijO9sjme+zm+73ZMCa/qMC8UEERxzGbvmr1cffo2SiQ=="
    },
    "node_modules/d3-array": {
      "version": "1.2.4",
      "resolved": "https://registry.npmjs.org/d3-array/-/d3-array-1.2.4.tgz",
      "integrity": "sha512-KHW6M86R+FUPYGb3R5XiYjXPq7VzwxZ22buHhAEVG5ztoEcZZMLov530mmccaqA1GghZArjQV46fuc8kUqhhHw=="
    },
    "node_modules/d3-geo": {
      "version": "1.12.1",
      "resolved": "https://registry.npmjs.org/d3-geo/-/d3-geo-1.12.1.tgz",
      "integrity": "sha512-XG4d1c/UJSEX9NfU02KwBL6BYPj8YKHxgBEw5om2ZnTRSbIcego6dhHwcxuSR3clxh0EpE38os1DVPOmnYtTPg==",
      "dependencies": {
        "d3-array": "1"
      }
    },
    "node_modules/js-tokens": {
      "version": "4.0.0",
      "resolved": "https://registry.npmjs.org/js-tokens/-/js-tokens-4.0.0.tgz",
      "integrity": "sha512-RdJUflcE3cUzKiMqQgsCu06FPu9UdIJO0beYbPhHN4k6apgJtifcoCtT9bcxOpYBtpD2kCM6Sbzg4CausW/PKQ==",
      "peer": true
    },
    "node_modules/loose-envify": {
      "version": "1.4.0",
      "resolved": "https://registry.npmjs.org/loose-envify/-/loose-envify-1.4.0.tgz",
      "integrity": "sha512-lyuxPGr/Wfhrlem2CL/UcnUc1zcqKAImBDzukY7Y5F/yQiNdko6+fRLevlw1HgMySw7f611UIY408EtxRSoK3Q==",
      "peer": true,
      "dependencies": {
        "js-tokens": "^3.0.0 || ^4.0.0"
      },
      "bin": {
        "loose-envify": "cli.js"
      }
    },
    "node_modules/lottie-web": {
      "version": "5.7.11",
      "resolved": "https://registry.npmjs.org/lottie-web/-/lottie-web-5.7.11.tgz",
      "integrity": "sha512-Jvz3PQqwrDj1rXGqfeQtipH/WNtM/Y4l8t8NIQXe1xUI0nVooH2bTYJGef0UkdBcWUx1s3miKsRhyP196g9tvQ=="
    },
    "node_modules/object-assign": {
      "version": "4.1.1",
      "resolved": "https://registry.npmjs.org/object-assign/-/object-assign-4.1.1.tgz",
      "integrity": "sha1-IQmtx5ZYh8/AXLvUQsrIv7s2CGM=",
      "peer": true,
      "engines": {
        "node": ">=0.10.0"
      }
    },
    "node_modules/react": {
      "version": "17.0.2",
      "resolved": "https://registry.npmjs.org/react/-/react-17.0.2.tgz",
      "integrity": "sha512-gnhPt75i/dq/z3/6q/0asP78D0u592D5L1pd7M8P+dck6Fu/jJeL6iVVK23fptSUZj8Vjf++7wXA8UNclGQcbA==",
      "peer": true,
      "dependencies": {
        "loose-envify": "^1.1.0",
        "object-assign": "^4.1.1"
      },
      "engines": {
        "node": ">=0.10.0"
      }
    },
    "node_modules/react-dom": {
      "version": "17.0.2",
      "resolved": "https://registry.npmjs.org/react-dom/-/react-dom-17.0.2.tgz",
      "integrity": "sha512-s4h96KtLDUQlsENhMn1ar8t2bEa+q/YAtj8pPPdIjPDGBDIVNsrD9aXNWqspUe6AzKCIG0C1HZZLqLV7qpOBGA==",
      "peer": true,
      "dependencies": {
        "loose-envify": "^1.1.0",
        "object-assign": "^4.1.1",
        "scheduler": "^0.20.2"
      },
      "peerDependencies": {
        "react": "17.0.2"
      }
    },
    "node_modules/react-path-tooltip": {
      "version": "1.0.17",
      "resolved": "https://registry.npmjs.org/react-path-tooltip/-/react-path-tooltip-1.0.17.tgz",
      "integrity": "sha512-3zZU6I0kDL5mm0ixSPhrYBGh//AN7s/rQWkJkOJkYgidEADehr7L6qnXWCJzwTGe+Vi5gJpJh3VhLNxpdIVDwA==",
      "engines": {
        "node": ">=10"
      },
      "peerDependencies": {
        "react": ">=16",
        "react-dom": ">=16.0.0"
      }
    },
    "node_modules/react-svg-worldmap": {
      "version": "1.1.0",
      "resolved": "https://registry.npmjs.org/react-svg-worldmap/-/react-svg-worldmap-1.1.0.tgz",
      "integrity": "sha512-E8gXIGToOYA4UCibZZwAE5Sf0byrs/tX6aNxpv/h0nauRNWL93EgYKH+xperp5TUyfshCwM/vBoQqvBDlWENoQ==",
      "dependencies": {
        "@types/d3-geo": "^1.12.1",
        "@types/geojson": "^7946.0.7",
        "d3-geo": "^1.11.9",
        "react-path-tooltip": "^1.0.17"
      },
      "engines": {
        "node": ">=10"
      },
      "peerDependencies": {
        "react": ">=16",
        "react-dom": ">=16.0.0"
      }
    },
    "node_modules/scheduler": {
      "version": "0.20.2",
      "resolved": "https://registry.npmjs.org/scheduler/-/scheduler-0.20.2.tgz",
      "integrity": "sha512-2eWfGgAqqWFGqtdMmcL5zCMK1U8KlXv8SQFGglL3CEtd0aDVDWgeF/YoCmvln55m5zSk3J/20hTaSBeSObsQDQ==",
      "peer": true,
      "dependencies": {
        "loose-envify": "^1.1.0",
        "object-assign": "^4.1.1"
      }
    }
  },
  "dependencies": {
    "@types/d3-geo": {
      "version": "1.12.1",
      "resolved": "https://registry.npmjs.org/@types/d3-geo/-/d3-geo-1.12.1.tgz",
      "integrity": "sha512-8+gyGFyMCXIHtnMNKQDT++tZ4XYFXgiP5NK7mcv34aYXA16GQFiBBITjKzxghpO8QNVceOd9rUn1JY92WLNGQw==",
      "requires": {
        "@types/geojson": "*"
      }
    },
    "@types/geojson": {
      "version": "7946.0.7",
      "resolved": "https://registry.npmjs.org/@types/geojson/-/geojson-7946.0.7.tgz",
      "integrity": "sha512-wE2v81i4C4Ol09RtsWFAqg3BUitWbHSpSlIo+bNdsCJijO9sjme+zm+73ZMCa/qMC8UEERxzGbvmr1cffo2SiQ=="
    },
    "d3-array": {
      "version": "1.2.4",
      "resolved": "https://registry.npmjs.org/d3-array/-/d3-array-1.2.4.tgz",
      "integrity": "sha512-KHW6M86R+FUPYGb3R5XiYjXPq7VzwxZ22buHhAEVG5ztoEcZZMLov530mmccaqA1GghZArjQV46fuc8kUqhhHw=="
    },
    "d3-geo": {
      "version": "1.12.1",
      "resolved": "https://registry.npmjs.org/d3-geo/-/d3-geo-1.12.1.tgz",
      "integrity": "sha512-XG4d1c/UJSEX9NfU02KwBL6BYPj8YKHxgBEw5om2ZnTRSbIcego6dhHwcxuSR3clxh0EpE38os1DVPOmnYtTPg==",
      "requires": {
        "d3-array": "1"
      }
    },
    "js-tokens": {
      "version": "4.0.0",
      "resolved": "https://registry.npmjs.org/js-tokens/-/js-tokens-4.0.0.tgz",
      "integrity": "sha512-RdJUflcE3cUzKiMqQgsCu06FPu9UdIJO0beYbPhHN4k6apgJtifcoCtT9bcxOpYBtpD2kCM6Sbzg4CausW/PKQ==",
      "peer": true
    },
    "loose-envify": {
      "version": "1.4.0",
      "resolved": "https://registry.npmjs.org/loose-envify/-/loose-envify-1.4.0.tgz",
      "integrity": "sha512-lyuxPGr/Wfhrlem2CL/UcnUc1zcqKAImBDzukY7Y5F/yQiNdko6+fRLevlw1HgMySw7f611UIY408EtxRSoK3Q==",
      "peer": true,
      "requires": {
        "js-tokens": "^3.0.0 || ^4.0.0"
      }
    },
    "lottie-web": {
      "version": "5.7.11",
      "resolved": "https://registry.npmjs.org/lottie-web/-/lottie-web-5.7.11.tgz",
      "integrity": "sha512-Jvz3PQqwrDj1rXGqfeQtipH/WNtM/Y4l8t8NIQXe1xUI0nVooH2bTYJGef0UkdBcWUx1s3miKsRhyP196g9tvQ=="
    },
    "object-assign": {
      "version": "4.1.1",
      "resolved": "https://registry.npmjs.org/object-assign/-/object-assign-4.1.1.tgz",
      "integrity": "sha1-IQmtx5ZYh8/AXLvUQsrIv7s2CGM=",
      "peer": true
    },
    "react": {
      "version": "17.0.2",
      "resolved": "https://registry.npmjs.org/react/-/react-17.0.2.tgz",
      "integrity": "sha512-gnhPt75i/dq/z3/6q/0asP78D0u592D5L1pd7M8P+dck6Fu/jJeL6iVVK23fptSUZj8Vjf++7wXA8UNclGQcbA==",
      "peer": true,
      "requires": {
        "loose-envify": "^1.1.0",
        "object-assign": "^4.1.1"
      }
    },
    "react-dom": {
      "version": "17.0.2",
      "resolved": "https://registry.npmjs.org/react-dom/-/react-dom-17.0.2.tgz",
      "integrity": "sha512-s4h96KtLDUQlsENhMn1ar8t2bEa+q/YAtj8pPPdIjPDGBDIVNsrD9aXNWqspUe6AzKCIG0C1HZZLqLV7qpOBGA==",
      "peer": true,
      "requires": {
        "loose-envify": "^1.1.0",
        "object-assign": "^4.1.1",
        "scheduler": "^0.20.2"
      }
    },
    "react-path-tooltip": {
      "version": "1.0.17",
      "resolved": "https://registry.npmjs.org/react-path-tooltip/-/react-path-tooltip-1.0.17.tgz",
      "integrity": "sha512-3zZU6I0kDL5mm0ixSPhrYBGh//AN7s/rQWkJkOJkYgidEADehr7L6qnXWCJzwTGe+Vi5gJpJh3VhLNxpdIVDwA==",
      "requires": {}
    },
    "react-svg-worldmap": {
      "version": "1.1.0",
      "resolved": "https://registry.npmjs.org/react-svg-worldmap/-/react-svg-worldmap-1.1.0.tgz",
      "integrity": "sha512-E8gXIGToOYA4UCibZZwAE5Sf0byrs/tX6aNxpv/h0nauRNWL93EgYKH+xperp5TUyfshCwM/vBoQqvBDlWENoQ==",
      "requires": {
        "@types/d3-geo": "^1.12.1",
        "@types/geojson": "^7946.0.7",
        "d3-geo": "^1.11.9",
        "react-path-tooltip": "^1.0.17"
      }
    },
    "scheduler": {
      "version": "0.20.2",
      "resolved": "https://registry.npmjs.org/scheduler/-/scheduler-0.20.2.tgz",
      "integrity": "sha512-2eWfGgAqqWFGqtdMmcL5zCMK1U8KlXv8SQFGglL3CEtd0aDVDWgeF/YoCmvln55m5zSk3J/20hTaSBeSObsQDQ==",
      "peer": true,
      "requires": {
        "loose-envify": "^1.1.0",
        "object-assign": "^4.1.1"
      }
    }
  }
}
